// !$*UTF8*$!
{
	archiveVersion = 1;
	classes = {
	};
	objectVersion = 50;
	objects = {

/* Begin PBXBuildFile section */
		6E986C020375A7A870987A76 /* Pods_JobFinderUITests.framework in Frameworks */ = {isa = PBXBuildFile; fileRef = A3FE98ED79DB1976B653B901 /* Pods_JobFinderUITests.framework */; };
		95006872B3480734C34F4D6B /* Pods_JobFinderTests.framework in Frameworks */ = {isa = PBXBuildFile; fileRef = 73048CFD949F904F31473F3A /* Pods_JobFinderTests.framework */; };
		CE92BB342223BF5F005EBCAC /* Constants.swift in Sources */ = {isa = PBXBuildFile; fileRef = CE92BB332223BF5F005EBCAC /* Constants.swift */; };
		CE92BB3922241192005EBCAC /* Colors.swift in Sources */ = {isa = PBXBuildFile; fileRef = CE92BB3822241192005EBCAC /* Colors.swift */; };
		D479A2B9B8403021BE90393C /* Pods_JobFinder.framework in Frameworks */ = {isa = PBXBuildFile; fileRef = 032BA5BD3786095B42D024A1 /* Pods_JobFinder.framework */; };
		D48065F42222F6380057F7BD /* Helper.swift in Sources */ = {isa = PBXBuildFile; fileRef = D48065F32222F6380057F7BD /* Helper.swift */; };
		D48065F922230C140057F7BD /* Reachability.swift in Sources */ = {isa = PBXBuildFile; fileRef = D48065F822230C140057F7BD /* Reachability.swift */; };
		D48065FB22230E9F0057F7BD /* GlobalMethods.swift in Sources */ = {isa = PBXBuildFile; fileRef = D48065FA22230E9F0057F7BD /* GlobalMethods.swift */; };
		D4A003E02222A8AB009B9F81 /* AppDelegate.swift in Sources */ = {isa = PBXBuildFile; fileRef = D4A003DF2222A8AB009B9F81 /* AppDelegate.swift */; };
		D4A003E22222A8AB009B9F81 /* JobListingViewController.swift in Sources */ = {isa = PBXBuildFile; fileRef = D4A003E12222A8AB009B9F81 /* JobListingViewController.swift */; };
		D4A003E52222A8AB009B9F81 /* Main.storyboard in Resources */ = {isa = PBXBuildFile; fileRef = D4A003E32222A8AB009B9F81 /* Main.storyboard */; };
		D4A003E72222A8AF009B9F81 /* Assets.xcassets in Resources */ = {isa = PBXBuildFile; fileRef = D4A003E62222A8AF009B9F81 /* Assets.xcassets */; };
		D4A003EA2222A8AF009B9F81 /* LaunchScreen.storyboard in Resources */ = {isa = PBXBuildFile; fileRef = D4A003E82222A8AF009B9F81 /* LaunchScreen.storyboard */; };
		D4A003F52222A8AF009B9F81 /* JobFinderTests.swift in Sources */ = {isa = PBXBuildFile; fileRef = D4A003F42222A8AF009B9F81 /* JobFinderTests.swift */; };
		D4A004002222A8AF009B9F81 /* JobFinderUITests.swift in Sources */ = {isa = PBXBuildFile; fileRef = D4A003FF2222A8AF009B9F81 /* JobFinderUITests.swift */; };
		D4A0040F2222B2B7009B9F81 /* JobListingTableViewCell.swift in Sources */ = {isa = PBXBuildFile; fileRef = D4A0040E2222B2B7009B9F81 /* JobListingTableViewCell.swift */; };
		D4A004122222B2FB009B9F81 /* JobDetailViewController.swift in Sources */ = {isa = PBXBuildFile; fileRef = D4A004112222B2FB009B9F81 /* JobDetailViewController.swift */; };
		D4A004152222B50D009B9F81 /* JobDetail.swift in Sources */ = {isa = PBXBuildFile; fileRef = D4A004142222B50D009B9F81 /* JobDetail.swift */; };
		D4A004192222C3A0009B9F81 /* APIManager.swift in Sources */ = {isa = PBXBuildFile; fileRef = D4A004182222C3A0009B9F81 /* APIManager.swift */; };
/* End PBXBuildFile section */

/* Begin PBXContainerItemProxy section */
		D4A003F12222A8AF009B9F81 /* PBXContainerItemProxy */ = {
			isa = PBXContainerItemProxy;
			containerPortal = D4A003D42222A8AB009B9F81 /* Project object */;
			proxyType = 1;
			remoteGlobalIDString = D4A003DB2222A8AB009B9F81;
			remoteInfo = JobFinder;
		};
		D4A003FC2222A8AF009B9F81 /* PBXContainerItemProxy */ = {
			isa = PBXContainerItemProxy;
			containerPortal = D4A003D42222A8AB009B9F81 /* Project object */;
			proxyType = 1;
			remoteGlobalIDString = D4A003DB2222A8AB009B9F81;
			remoteInfo = JobFinder;
		};
/* End PBXContainerItemProxy section */

/* Begin PBXFileReference section */
		032BA5BD3786095B42D024A1 /* Pods_JobFinder.framework */ = {isa = PBXFileReference; explicitFileType = wrapper.framework; includeInIndex = 0; path = Pods_JobFinder.framework; sourceTree = BUILT_PRODUCTS_DIR; };
		0B8B3A7F197CFB033969BF8B /* Pods-JobFinderTests.release.xcconfig */ = {isa = PBXFileReference; includeInIndex = 1; lastKnownFileType = text.xcconfig; name = "Pods-JobFinderTests.release.xcconfig"; path = "Pods/Target Support Files/Pods-JobFinderTests/Pods-JobFinderTests.release.xcconfig"; sourceTree = "<group>"; };
		28D69B0F63E1CD8586AC1E51 /* Pods-JobFinderTests.debug.xcconfig */ = {isa = PBXFileReference; includeInIndex = 1; lastKnownFileType = text.xcconfig; name = "Pods-JobFinderTests.debug.xcconfig"; path = "Pods/Target Support Files/Pods-JobFinderTests/Pods-JobFinderTests.debug.xcconfig"; sourceTree = "<group>"; };
		4EBA04E25113FB858FCE43BA /* Pods-JobFinderUITests.release.xcconfig */ = {isa = PBXFileReference; includeInIndex = 1; lastKnownFileType = text.xcconfig; name = "Pods-JobFinderUITests.release.xcconfig"; path = "Pods/Target Support Files/Pods-JobFinderUITests/Pods-JobFinderUITests.release.xcconfig"; sourceTree = "<group>"; };
		6603B13CC6B4BE04B9746780 /* Pods-JobFinder.release.xcconfig */ = {isa = PBXFileReference; includeInIndex = 1; lastKnownFileType = text.xcconfig; name = "Pods-JobFinder.release.xcconfig"; path = "Pods/Target Support Files/Pods-JobFinder/Pods-JobFinder.release.xcconfig"; sourceTree = "<group>"; };
		73048CFD949F904F31473F3A /* Pods_JobFinderTests.framework */ = {isa = PBXFileReference; explicitFileType = wrapper.framework; includeInIndex = 0; path = Pods_JobFinderTests.framework; sourceTree = BUILT_PRODUCTS_DIR; };
		A3FE98ED79DB1976B653B901 /* Pods_JobFinderUITests.framework */ = {isa = PBXFileReference; explicitFileType = wrapper.framework; includeInIndex = 0; path = Pods_JobFinderUITests.framework; sourceTree = BUILT_PRODUCTS_DIR; };
		CE92BB332223BF5F005EBCAC /* Constants.swift */ = {isa = PBXFileReference; lastKnownFileType = sourcecode.swift; path = Constants.swift; sourceTree = "<group>"; };
		CE92BB3822241192005EBCAC /* Colors.swift */ = {isa = PBXFileReference; lastKnownFileType = sourcecode.swift; path = Colors.swift; sourceTree = "<group>"; };
		D48065F32222F6380057F7BD /* Helper.swift */ = {isa = PBXFileReference; lastKnownFileType = sourcecode.swift; path = Helper.swift; sourceTree = "<group>"; };
		D48065F822230C140057F7BD /* Reachability.swift */ = {isa = PBXFileReference; fileEncoding = 4; lastKnownFileType = sourcecode.swift; path = Reachability.swift; sourceTree = "<group>"; };
		D48065FA22230E9F0057F7BD /* GlobalMethods.swift */ = {isa = PBXFileReference; lastKnownFileType = sourcecode.swift; path = GlobalMethods.swift; sourceTree = "<group>"; };
		D4A003DC2222A8AB009B9F81 /* JobFinder.app */ = {isa = PBXFileReference; explicitFileType = wrapper.application; includeInIndex = 0; path = JobFinder.app; sourceTree = BUILT_PRODUCTS_DIR; };
		D4A003DF2222A8AB009B9F81 /* AppDelegate.swift */ = {isa = PBXFileReference; lastKnownFileType = sourcecode.swift; path = AppDelegate.swift; sourceTree = "<group>"; };
		D4A003E12222A8AB009B9F81 /* JobListingViewController.swift */ = {isa = PBXFileReference; lastKnownFileType = sourcecode.swift; path = JobListingViewController.swift; sourceTree = "<group>"; };
		D4A003E42222A8AB009B9F81 /* Base */ = {isa = PBXFileReference; lastKnownFileType = file.storyboard; name = Base; path = Base.lproj/Main.storyboard; sourceTree = "<group>"; };
		D4A003E62222A8AF009B9F81 /* Assets.xcassets */ = {isa = PBXFileReference; lastKnownFileType = folder.assetcatalog; path = Assets.xcassets; sourceTree = "<group>"; };
		D4A003E92222A8AF009B9F81 /* Base */ = {isa = PBXFileReference; lastKnownFileType = file.storyboard; name = Base; path = Base.lproj/LaunchScreen.storyboard; sourceTree = "<group>"; };
		D4A003EB2222A8AF009B9F81 /* Info.plist */ = {isa = PBXFileReference; lastKnownFileType = text.plist.xml; path = Info.plist; sourceTree = "<group>"; };
		D4A003F02222A8AF009B9F81 /* JobFinderTests.xctest */ = {isa = PBXFileReference; explicitFileType = wrapper.cfbundle; includeInIndex = 0; path = JobFinderTests.xctest; sourceTree = BUILT_PRODUCTS_DIR; };
		D4A003F42222A8AF009B9F81 /* JobFinderTests.swift */ = {isa = PBXFileReference; lastKnownFileType = sourcecode.swift; path = JobFinderTests.swift; sourceTree = "<group>"; };
		D4A003F62222A8AF009B9F81 /* Info.plist */ = {isa = PBXFileReference; lastKnownFileType = text.plist.xml; path = Info.plist; sourceTree = "<group>"; };
		D4A003FB2222A8AF009B9F81 /* JobFinderUITests.xctest */ = {isa = PBXFileReference; explicitFileType = wrapper.cfbundle; includeInIndex = 0; path = JobFinderUITests.xctest; sourceTree = BUILT_PRODUCTS_DIR; };
		D4A003FF2222A8AF009B9F81 /* JobFinderUITests.swift */ = {isa = PBXFileReference; lastKnownFileType = sourcecode.swift; path = JobFinderUITests.swift; sourceTree = "<group>"; };
		D4A004012222A8AF009B9F81 /* Info.plist */ = {isa = PBXFileReference; lastKnownFileType = text.plist.xml; path = Info.plist; sourceTree = "<group>"; };
		D4A0040E2222B2B7009B9F81 /* JobListingTableViewCell.swift */ = {isa = PBXFileReference; lastKnownFileType = sourcecode.swift; path = JobListingTableViewCell.swift; sourceTree = "<group>"; };
		D4A004112222B2FB009B9F81 /* JobDetailViewController.swift */ = {isa = PBXFileReference; lastKnownFileType = sourcecode.swift; path = JobDetailViewController.swift; sourceTree = "<group>"; };
		D4A004142222B50D009B9F81 /* JobDetail.swift */ = {isa = PBXFileReference; lastKnownFileType = sourcecode.swift; path = JobDetail.swift; sourceTree = "<group>"; };
		D4A004182222C3A0009B9F81 /* APIManager.swift */ = {isa = PBXFileReference; lastKnownFileType = sourcecode.swift; path = APIManager.swift; sourceTree = "<group>"; };
		E897A28EC8D2AC17186D3F2A /* Pods-JobFinderUITests.debug.xcconfig */ = {isa = PBXFileReference; includeInIndex = 1; lastKnownFileType = text.xcconfig; name = "Pods-JobFinderUITests.debug.xcconfig"; path = "Pods/Target Support Files/Pods-JobFinderUITests/Pods-JobFinderUITests.debug.xcconfig"; sourceTree = "<group>"; };
		F103FB88476A4746645B69AF /* Pods-JobFinder.debug.xcconfig */ = {isa = PBXFileReference; includeInIndex = 1; lastKnownFileType = text.xcconfig; name = "Pods-JobFinder.debug.xcconfig"; path = "Pods/Target Support Files/Pods-JobFinder/Pods-JobFinder.debug.xcconfig"; sourceTree = "<group>"; };
/* End PBXFileReference section */

/* Begin PBXFrameworksBuildPhase section */
		D4A003D92222A8AB009B9F81 /* Frameworks */ = {
			isa = PBXFrameworksBuildPhase;
			buildActionMask = 2147483647;
			files = (
				D479A2B9B8403021BE90393C /* Pods_JobFinder.framework in Frameworks */,
			);
			runOnlyForDeploymentPostprocessing = 0;
		};
		D4A003ED2222A8AF009B9F81 /* Frameworks */ = {
			isa = PBXFrameworksBuildPhase;
			buildActionMask = 2147483647;
			files = (
				95006872B3480734C34F4D6B /* Pods_JobFinderTests.framework in Frameworks */,
			);
			runOnlyForDeploymentPostprocessing = 0;
		};
		D4A003F82222A8AF009B9F81 /* Frameworks */ = {
			isa = PBXFrameworksBuildPhase;
			buildActionMask = 2147483647;
			files = (
				6E986C020375A7A870987A76 /* Pods_JobFinderUITests.framework in Frameworks */,
			);
			runOnlyForDeploymentPostprocessing = 0;
		};
/* End PBXFrameworksBuildPhase section */

/* Begin PBXGroup section */
		8ED2A30DF0989E1D83102B75 /* Pods */ = {
			isa = PBXGroup;
			children = (
				F103FB88476A4746645B69AF /* Pods-JobFinder.debug.xcconfig */,
				6603B13CC6B4BE04B9746780 /* Pods-JobFinder.release.xcconfig */,
				28D69B0F63E1CD8586AC1E51 /* Pods-JobFinderTests.debug.xcconfig */,
				0B8B3A7F197CFB033969BF8B /* Pods-JobFinderTests.release.xcconfig */,
				E897A28EC8D2AC17186D3F2A /* Pods-JobFinderUITests.debug.xcconfig */,
				4EBA04E25113FB858FCE43BA /* Pods-JobFinderUITests.release.xcconfig */,
			);
			name = Pods;
			sourceTree = "<group>";
		};
		A6152C10E8D5B8B941B57B7C /* Frameworks */ = {
			isa = PBXGroup;
			children = (
				032BA5BD3786095B42D024A1 /* Pods_JobFinder.framework */,
				73048CFD949F904F31473F3A /* Pods_JobFinderTests.framework */,
				A3FE98ED79DB1976B653B901 /* Pods_JobFinderUITests.framework */,
			);
			name = Frameworks;
			sourceTree = "<group>";
		};
		D48065F522230BCD0057F7BD /* Library */ = {
			isa = PBXGroup;
			children = (
				D48065F822230C140057F7BD /* Reachability.swift */,
			);
			path = Library;
			sourceTree = "<group>";
		};
		D4A003D32222A8AB009B9F81 = {
			isa = PBXGroup;
			children = (
				D4A003DE2222A8AB009B9F81 /* JobFinder */,
				D4A003F32222A8AF009B9F81 /* JobFinderTests */,
				D4A003FE2222A8AF009B9F81 /* JobFinderUITests */,
				D4A003DD2222A8AB009B9F81 /* Products */,
				8ED2A30DF0989E1D83102B75 /* Pods */,
				A6152C10E8D5B8B941B57B7C /* Frameworks */,
			);
			sourceTree = "<group>";
		};
		D4A003DD2222A8AB009B9F81 /* Products */ = {
			isa = PBXGroup;
			children = (
				D4A003DC2222A8AB009B9F81 /* JobFinder.app */,
				D4A003F02222A8AF009B9F81 /* JobFinderTests.xctest */,
				D4A003FB2222A8AF009B9F81 /* JobFinderUITests.xctest */,
			);
			name = Products;
			sourceTree = "<group>";
		};
		D4A003DE2222A8AB009B9F81 /* JobFinder */ = {
			isa = PBXGroup;
			children = (
				D4A004172222C350009B9F81 /* Helper */,
				D4A004132222B4E4009B9F81 /* Model */,
				D4A004102222B2C9009B9F81 /* View Controllers */,
				D4A0040D2222B288009B9F81 /* Custom Cells */,
				D4A003DF2222A8AB009B9F81 /* AppDelegate.swift */,
				D4A003E32222A8AB009B9F81 /* Main.storyboard */,
				D4A003E62222A8AF009B9F81 /* Assets.xcassets */,
				D4A003E82222A8AF009B9F81 /* LaunchScreen.storyboard */,
				D4A003EB2222A8AF009B9F81 /* Info.plist */,
			);
			path = JobFinder;
			sourceTree = "<group>";
		};
		D4A003F32222A8AF009B9F81 /* JobFinderTests */ = {
			isa = PBXGroup;
			children = (
				D4A003F42222A8AF009B9F81 /* JobFinderTests.swift */,
				D4A003F62222A8AF009B9F81 /* Info.plist */,
			);
			path = JobFinderTests;
			sourceTree = "<group>";
		};
		D4A003FE2222A8AF009B9F81 /* JobFinderUITests */ = {
			isa = PBXGroup;
			children = (
				D4A003FF2222A8AF009B9F81 /* JobFinderUITests.swift */,
				D4A004012222A8AF009B9F81 /* Info.plist */,
			);
			path = JobFinderUITests;
			sourceTree = "<group>";
		};
		D4A0040D2222B288009B9F81 /* Custom Cells */ = {
			isa = PBXGroup;
			children = (
				D4A0040E2222B2B7009B9F81 /* JobListingTableViewCell.swift */,
			);
			path = "Custom Cells";
			sourceTree = "<group>";
		};
		D4A004102222B2C9009B9F81 /* View Controllers */ = {
			isa = PBXGroup;
			children = (
				D4A003E12222A8AB009B9F81 /* JobListingViewController.swift */,
				D4A004112222B2FB009B9F81 /* JobDetailViewController.swift */,
			);
			path = "View Controllers";
			sourceTree = "<group>";
		};
		D4A004132222B4E4009B9F81 /* Model */ = {
			isa = PBXGroup;
			children = (
				D4A004142222B50D009B9F81 /* JobDetail.swift */,
			);
			path = Model;
			sourceTree = "<group>";
		};
		D4A004162222C313009B9F81 /* Utillities */ = {
			isa = PBXGroup;
			children = (
				D4A004182222C3A0009B9F81 /* APIManager.swift */,
				D48065F32222F6380057F7BD /* Helper.swift */,
				D48065FA22230E9F0057F7BD /* GlobalMethods.swift */,
				CE92BB332223BF5F005EBCAC /* Constants.swift */,
				CE92BB3822241192005EBCAC /* Colors.swift */,
			);
			path = Utillities;
			sourceTree = "<group>";
		};
		D4A004172222C350009B9F81 /* Helper */ = {
			isa = PBXGroup;
			children = (
				D48065F522230BCD0057F7BD /* Library */,
				D4A004162222C313009B9F81 /* Utillities */,
			);
			path = Helper;
			sourceTree = "<group>";
		};
/* End PBXGroup section */

/* Begin PBXNativeTarget section */
		D4A003DB2222A8AB009B9F81 /* JobFinder */ = {
			isa = PBXNativeTarget;
			buildConfigurationList = D4A004042222A8AF009B9F81 /* Build configuration list for PBXNativeTarget "JobFinder" */;
			buildPhases = (
				2A562A5D9D3ED129049537F7 /* [CP] Check Pods Manifest.lock */,
				D4A003D82222A8AB009B9F81 /* Sources */,
				D4A003D92222A8AB009B9F81 /* Frameworks */,
				D4A003DA2222A8AB009B9F81 /* Resources */,
				0B624CBA8FBD95018F55E34C /* [CP] Embed Pods Frameworks */,
			);
			buildRules = (
			);
			dependencies = (
			);
			name = JobFinder;
			productName = JobFinder;
			productReference = D4A003DC2222A8AB009B9F81 /* JobFinder.app */;
			productType = "com.apple.product-type.application";
		};
		D4A003EF2222A8AF009B9F81 /* JobFinderTests */ = {
			isa = PBXNativeTarget;
			buildConfigurationList = D4A004072222A8AF009B9F81 /* Build configuration list for PBXNativeTarget "JobFinderTests" */;
			buildPhases = (
				DF2EFDF014D387FB4256E814 /* [CP] Check Pods Manifest.lock */,
				D4A003EC2222A8AF009B9F81 /* Sources */,
				D4A003ED2222A8AF009B9F81 /* Frameworks */,
				D4A003EE2222A8AF009B9F81 /* Resources */,
			);
			buildRules = (
			);
			dependencies = (
				D4A003F22222A8AF009B9F81 /* PBXTargetDependency */,
			);
			name = JobFinderTests;
			productName = JobFinderTests;
			productReference = D4A003F02222A8AF009B9F81 /* JobFinderTests.xctest */;
			productType = "com.apple.product-type.bundle.unit-test";
		};
		D4A003FA2222A8AF009B9F81 /* JobFinderUITests */ = {
			isa = PBXNativeTarget;
			buildConfigurationList = D4A0040A2222A8AF009B9F81 /* Build configuration list for PBXNativeTarget "JobFinderUITests" */;
			buildPhases = (
				B44BAFFA3FF183A83EA8F0BB /* [CP] Check Pods Manifest.lock */,
				D4A003F72222A8AF009B9F81 /* Sources */,
				D4A003F82222A8AF009B9F81 /* Frameworks */,
				D4A003F92222A8AF009B9F81 /* Resources */,
			);
			buildRules = (
			);
			dependencies = (
				D4A003FD2222A8AF009B9F81 /* PBXTargetDependency */,
			);
			name = JobFinderUITests;
			productName = JobFinderUITests;
			productReference = D4A003FB2222A8AF009B9F81 /* JobFinderUITests.xctest */;
			productType = "com.apple.product-type.bundle.ui-testing";
		};
/* End PBXNativeTarget section */

/* Begin PBXProject section */
		D4A003D42222A8AB009B9F81 /* Project object */ = {
			isa = PBXProject;
			attributes = {
				LastSwiftUpdateCheck = 1000;
				LastUpgradeCheck = 1000;
				ORGANIZATIONNAME = Purushottamself;
				TargetAttributes = {
					D4A003DB2222A8AB009B9F81 = {
						CreatedOnToolsVersion = 10.0;
					};
					D4A003EF2222A8AF009B9F81 = {
						CreatedOnToolsVersion = 10.0;
						TestTargetID = D4A003DB2222A8AB009B9F81;
					};
					D4A003FA2222A8AF009B9F81 = {
						CreatedOnToolsVersion = 10.0;
						TestTargetID = D4A003DB2222A8AB009B9F81;
					};
				};
			};
			buildConfigurationList = D4A003D72222A8AB009B9F81 /* Build configuration list for PBXProject "JobFinder" */;
			compatibilityVersion = "Xcode 9.3";
			developmentRegion = en;
			hasScannedForEncodings = 0;
			knownRegions = (
				en,
				Base,
			);
			mainGroup = D4A003D32222A8AB009B9F81;
			productRefGroup = D4A003DD2222A8AB009B9F81 /* Products */;
			projectDirPath = "";
			projectRoot = "";
			targets = (
				D4A003DB2222A8AB009B9F81 /* JobFinder */,
				D4A003EF2222A8AF009B9F81 /* JobFinderTests */,
				D4A003FA2222A8AF009B9F81 /* JobFinderUITests */,
			);
		};
/* End PBXProject section */

/* Begin PBXResourcesBuildPhase section */
		D4A003DA2222A8AB009B9F81 /* Resources */ = {
			isa = PBXResourcesBuildPhase;
			buildActionMask = 2147483647;
			files = (
				D4A003EA2222A8AF009B9F81 /* LaunchScreen.storyboard in Resources */,
				D4A003E72222A8AF009B9F81 /* Assets.xcassets in Resources */,
				D4A003E52222A8AB009B9F81 /* Main.storyboard in Resources */,
			);
			runOnlyForDeploymentPostprocessing = 0;
		};
		D4A003EE2222A8AF009B9F81 /* Resources */ = {
			isa = PBXResourcesBuildPhase;
			buildActionMask = 2147483647;
			files = (
			);
			runOnlyForDeploymentPostprocessing = 0;
		};
		D4A003F92222A8AF009B9F81 /* Resources */ = {
			isa = PBXResourcesBuildPhase;
			buildActionMask = 2147483647;
			files = (
			);
			runOnlyForDeploymentPostprocessing = 0;
		};
/* End PBXResourcesBuildPhase section */

/* Begin PBXShellScriptBuildPhase section */
		0B624CBA8FBD95018F55E34C /* [CP] Embed Pods Frameworks */ = {
			isa = PBXShellScriptBuildPhase;
			buildActionMask = 2147483647;
			files = (
			);
			inputPaths = (
				"${PODS_ROOT}/Target Support Files/Pods-JobFinder/Pods-JobFinder-frameworks.sh",
				"${BUILT_PRODUCTS_DIR}/Alamofire/Alamofire.framework",
				"${BUILT_PRODUCTS_DIR}/AlamofireObjectMapper/AlamofireObjectMapper.framework",
				"${BUILT_PRODUCTS_DIR}/ObjectMapper/ObjectMapper.framework",
				"${BUILT_PRODUCTS_DIR}/SDWebImage/SDWebImage.framework",
			);
			name = "[CP] Embed Pods Frameworks";
			outputPaths = (
				"${TARGET_BUILD_DIR}/${FRAMEWORKS_FOLDER_PATH}/Alamofire.framework",
				"${TARGET_BUILD_DIR}/${FRAMEWORKS_FOLDER_PATH}/AlamofireObjectMapper.framework",
				"${TARGET_BUILD_DIR}/${FRAMEWORKS_FOLDER_PATH}/ObjectMapper.framework",
				"${TARGET_BUILD_DIR}/${FRAMEWORKS_FOLDER_PATH}/SDWebImage.framework",
			);
			runOnlyForDeploymentPostprocessing = 0;
			shellPath = /bin/sh;
			shellScript = "\"${PODS_ROOT}/Target Support Files/Pods-JobFinder/Pods-JobFinder-frameworks.sh\"\n";
			showEnvVarsInLog = 0;
		};
		2A562A5D9D3ED129049537F7 /* [CP] Check Pods Manifest.lock */ = {
			isa = PBXShellScriptBuildPhase;
			buildActionMask = 2147483647;
			files = (
			);
			inputPaths = (
				"${PODS_PODFILE_DIR_PATH}/Podfile.lock",
				"${PODS_ROOT}/Manifest.lock",
			);
			name = "[CP] Check Pods Manifest.lock";
			outputPaths = (
				"$(DERIVED_FILE_DIR)/Pods-JobFinder-checkManifestLockResult.txt",
			);
			runOnlyForDeploymentPostprocessing = 0;
			shellPath = /bin/sh;
			shellScript = "diff \"${PODS_PODFILE_DIR_PATH}/Podfile.lock\" \"${PODS_ROOT}/Manifest.lock\" > /dev/null\nif [ $? != 0 ] ; then\n    # print error to STDERR\n    echo \"error: The sandbox is not in sync with the Podfile.lock. Run 'pod install' or update your CocoaPods installation.\" >&2\n    exit 1\nfi\n# This output is used by Xcode 'outputs' to avoid re-running this script phase.\necho \"SUCCESS\" > \"${SCRIPT_OUTPUT_FILE_0}\"\n";
			showEnvVarsInLog = 0;
		};
		B44BAFFA3FF183A83EA8F0BB /* [CP] Check Pods Manifest.lock */ = {
			isa = PBXShellScriptBuildPhase;
			buildActionMask = 2147483647;
			files = (
			);
			inputPaths = (
				"${PODS_PODFILE_DIR_PATH}/Podfile.lock",
				"${PODS_ROOT}/Manifest.lock",
			);
			name = "[CP] Check Pods Manifest.lock";
			outputPaths = (
				"$(DERIVED_FILE_DIR)/Pods-JobFinderUITests-checkManifestLockResult.txt",
			);
			runOnlyForDeploymentPostprocessing = 0;
			shellPath = /bin/sh;
			shellScript = "diff \"${PODS_PODFILE_DIR_PATH}/Podfile.lock\" \"${PODS_ROOT}/Manifest.lock\" > /dev/null\nif [ $? != 0 ] ; then\n    # print error to STDERR\n    echo \"error: The sandbox is not in sync with the Podfile.lock. Run 'pod install' or update your CocoaPods installation.\" >&2\n    exit 1\nfi\n# This output is used by Xcode 'outputs' to avoid re-running this script phase.\necho \"SUCCESS\" > \"${SCRIPT_OUTPUT_FILE_0}\"\n";
			showEnvVarsInLog = 0;
		};
		DF2EFDF014D387FB4256E814 /* [CP] Check Pods Manifest.lock */ = {
			isa = PBXShellScriptBuildPhase;
			buildActionMask = 2147483647;
			files = (
			);
			inputPaths = (
				"${PODS_PODFILE_DIR_PATH}/Podfile.lock",
				"${PODS_ROOT}/Manifest.lock",
			);
			name = "[CP] Check Pods Manifest.lock";
			outputPaths = (
				"$(DERIVED_FILE_DIR)/Pods-JobFinderTests-checkManifestLockResult.txt",
			);
			runOnlyForDeploymentPostprocessing = 0;
			shellPath = /bin/sh;
			shellScript = "diff \"${PODS_PODFILE_DIR_PATH}/Podfile.lock\" \"${PODS_ROOT}/Manifest.lock\" > /dev/null\nif [ $? != 0 ] ; then\n    # print error to STDERR\n    echo \"error: The sandbox is not in sync with the Podfile.lock. Run 'pod install' or update your CocoaPods installation.\" >&2\n    exit 1\nfi\n# This output is used by Xcode 'outputs' to avoid re-running this script phase.\necho \"SUCCESS\" > \"${SCRIPT_OUTPUT_FILE_0}\"\n";
			showEnvVarsInLog = 0;
		};
/* End PBXShellScriptBuildPhase section */

/* Begin PBXSourcesBuildPhase section */
		D4A003D82222A8AB009B9F81 /* Sources */ = {
			isa = PBXSourcesBuildPhase;
			buildActionMask = 2147483647;
			files = (
				D4A004192222C3A0009B9F81 /* APIManager.swift in Sources */,
				CE92BB3922241192005EBCAC /* Colors.swift in Sources */,
				D48065F42222F6380057F7BD /* Helper.swift in Sources */,
				D4A003E22222A8AB009B9F81 /* JobListingViewController.swift in Sources */,
				D4A004152222B50D009B9F81 /* JobDetail.swift in Sources */,
				D4A004122222B2FB009B9F81 /* JobDetailViewController.swift in Sources */,
				CE92BB342223BF5F005EBCAC /* Constants.swift in Sources */,
				D4A003E02222A8AB009B9F81 /* AppDelegate.swift in Sources */,
				D48065FB22230E9F0057F7BD /* GlobalMethods.swift in Sources */,
				D48065F922230C140057F7BD /* Reachability.swift in Sources */,
				D4A0040F2222B2B7009B9F81 /* JobListingTableViewCell.swift in Sources */,
			);
			runOnlyForDeploymentPostprocessing = 0;
		};
		D4A003EC2222A8AF009B9F81 /* Sources */ = {
			isa = PBXSourcesBuildPhase;
			buildActionMask = 2147483647;
			files = (
				D4A003F52222A8AF009B9F81 /* JobFinderTests.swift in Sources */,
			);
			runOnlyForDeploymentPostprocessing = 0;
		};
		D4A003F72222A8AF009B9F81 /* Sources */ = {
			isa = PBXSourcesBuildPhase;
			buildActionMask = 2147483647;
			files = (
				D4A004002222A8AF009B9F81 /* JobFinderUITests.swift in Sources */,
			);
			runOnlyForDeploymentPostprocessing = 0;
		};
/* End PBXSourcesBuildPhase section */

/* Begin PBXTargetDependency section */
		D4A003F22222A8AF009B9F81 /* PBXTargetDependency */ = {
			isa = PBXTargetDependency;
			target = D4A003DB2222A8AB009B9F81 /* JobFinder */;
			targetProxy = D4A003F12222A8AF009B9F81 /* PBXContainerItemProxy */;
		};
		D4A003FD2222A8AF009B9F81 /* PBXTargetDependency */ = {
			isa = PBXTargetDependency;
			target = D4A003DB2222A8AB009B9F81 /* JobFinder */;
			targetProxy = D4A003FC2222A8AF009B9F81 /* PBXContainerItemProxy */;
		};
/* End PBXTargetDependency section */

/* Begin PBXVariantGroup section */
		D4A003E32222A8AB009B9F81 /* Main.storyboard */ = {
			isa = PBXVariantGroup;
			children = (
				D4A003E42222A8AB009B9F81 /* Base */,
			);
			name = Main.storyboard;
			sourceTree = "<group>";
		};
		D4A003E82222A8AF009B9F81 /* LaunchScreen.storyboard */ = {
			isa = PBXVariantGroup;
			children = (
				D4A003E92222A8AF009B9F81 /* Base */,
			);
			name = LaunchScreen.storyboard;
			sourceTree = "<group>";
		};
/* End PBXVariantGroup section */

/* Begin XCBuildConfiguration section */
		D4A004022222A8AF009B9F81 /* Debug */ = {
			isa = XCBuildConfiguration;
			buildSettings = {
				ALWAYS_SEARCH_USER_PATHS = NO;
				CLANG_ANALYZER_NONNULL = YES;
				CLANG_ANALYZER_NUMBER_OBJECT_CONVERSION = YES_AGGRESSIVE;
				CLANG_CXX_LANGUAGE_STANDARD = "gnu++14";
				CLANG_CXX_LIBRARY = "libc++";
				CLANG_ENABLE_MODULES = YES;
				CLANG_ENABLE_OBJC_ARC = YES;
				CLANG_ENABLE_OBJC_WEAK = YES;
				CLANG_WARN_BLOCK_CAPTURE_AUTORELEASING = YES;
				CLANG_WARN_BOOL_CONVERSION = YES;
				CLANG_WARN_COMMA = YES;
				CLANG_WARN_CONSTANT_CONVERSION = YES;
				CLANG_WARN_DEPRECATED_OBJC_IMPLEMENTATIONS = YES;
				CLANG_WARN_DIRECT_OBJC_ISA_USAGE = YES_ERROR;
				CLANG_WARN_DOCUMENTATION_COMMENTS = YES;
				CLANG_WARN_EMPTY_BODY = YES;
				CLANG_WARN_ENUM_CONVERSION = YES;
				CLANG_WARN_INFINITE_RECURSION = YES;
				CLANG_WARN_INT_CONVERSION = YES;
				CLANG_WARN_NON_LITERAL_NULL_CONVERSION = YES;
				CLANG_WARN_OBJC_IMPLICIT_RETAIN_SELF = YES;
				CLANG_WARN_OBJC_LITERAL_CONVERSION = YES;
				CLANG_WARN_OBJC_ROOT_CLASS = YES_ERROR;
				CLANG_WARN_RANGE_LOOP_ANALYSIS = YES;
				CLANG_WARN_STRICT_PROTOTYPES = YES;
				CLANG_WARN_SUSPICIOUS_MOVE = YES;
				CLANG_WARN_UNGUARDED_AVAILABILITY = YES_AGGRESSIVE;
				CLANG_WARN_UNREACHABLE_CODE = YES;
				CLANG_WARN__DUPLICATE_METHOD_MATCH = YES;
				CODE_SIGN_IDENTITY = "iPhone Developer";
				COPY_PHASE_STRIP = NO;
				DEBUG_INFORMATION_FORMAT = dwarf;
				ENABLE_STRICT_OBJC_MSGSEND = YES;
				ENABLE_TESTABILITY = YES;
				GCC_C_LANGUAGE_STANDARD = gnu11;
				GCC_DYNAMIC_NO_PIC = NO;
				GCC_NO_COMMON_BLOCKS = YES;
				GCC_OPTIMIZATION_LEVEL = 0;
				GCC_PREPROCESSOR_DEFINITIONS = (
					"DEBUG=1",
					"$(inherited)",
				);
				GCC_WARN_64_TO_32_BIT_CONVERSION = YES;
				GCC_WARN_ABOUT_RETURN_TYPE = YES_ERROR;
				GCC_WARN_UNDECLARED_SELECTOR = YES;
				GCC_WARN_UNINITIALIZED_AUTOS = YES_AGGRESSIVE;
				GCC_WARN_UNUSED_FUNCTION = YES;
				GCC_WARN_UNUSED_VARIABLE = YES;
				IPHONEOS_DEPLOYMENT_TARGET = 12.0;
				MTL_ENABLE_DEBUG_INFO = INCLUDE_SOURCE;
				MTL_FAST_MATH = YES;
				ONLY_ACTIVE_ARCH = YES;
				SDKROOT = iphoneos;
				SWIFT_ACTIVE_COMPILATION_CONDITIONS = DEBUG;
				SWIFT_OPTIMIZATION_LEVEL = "-Onone";
			};
			name = Debug;
		};
		D4A004032222A8AF009B9F81 /* Release */ = {
			isa = XCBuildConfiguration;
			buildSettings = {
				ALWAYS_SEARCH_USER_PATHS = NO;
				CLANG_ANALYZER_NONNULL = YES;
				CLANG_ANALYZER_NUMBER_OBJECT_CONVERSION = YES_AGGRESSIVE;
				CLANG_CXX_LANGUAGE_STANDARD = "gnu++14";
				CLANG_CXX_LIBRARY = "libc++";
				CLANG_ENABLE_MODULES = YES;
				CLANG_ENABLE_OBJC_ARC = YES;
				CLANG_ENABLE_OBJC_WEAK = YES;
				CLANG_WARN_BLOCK_CAPTURE_AUTORELEASING = YES;
				CLANG_WARN_BOOL_CONVERSION = YES;
				CLANG_WARN_COMMA = YES;
				CLANG_WARN_CONSTANT_CONVERSION = YES;
				CLANG_WARN_DEPRECATED_OBJC_IMPLEMENTATIONS = YES;
				CLANG_WARN_DIRECT_OBJC_ISA_USAGE = YES_ERROR;
				CLANG_WARN_DOCUMENTATION_COMMENTS = YES;
				CLANG_WARN_EMPTY_BODY = YES;
				CLANG_WARN_ENUM_CONVERSION = YES;
				CLANG_WARN_INFINITE_RECURSION = YES;
				CLANG_WARN_INT_CONVERSION = YES;
				CLANG_WARN_NON_LITERAL_NULL_CONVERSION = YES;
				CLANG_WARN_OBJC_IMPLICIT_RETAIN_SELF = YES;
				CLANG_WARN_OBJC_LITERAL_CONVERSION = YES;
				CLANG_WARN_OBJC_ROOT_CLASS = YES_ERROR;
				CLANG_WARN_RANGE_LOOP_ANALYSIS = YES;
				CLANG_WARN_STRICT_PROTOTYPES = YES;
				CLANG_WARN_SUSPICIOUS_MOVE = YES;
				CLANG_WARN_UNGUARDED_AVAILABILITY = YES_AGGRESSIVE;
				CLANG_WARN_UNREACHABLE_CODE = YES;
				CLANG_WARN__DUPLICATE_METHOD_MATCH = YES;
				CODE_SIGN_IDENTITY = "iPhone Developer";
				COPY_PHASE_STRIP = NO;
				DEBUG_INFORMATION_FORMAT = "dwarf-with-dsym";
				ENABLE_NS_ASSERTIONS = NO;
				ENABLE_STRICT_OBJC_MSGSEND = YES;
				GCC_C_LANGUAGE_STANDARD = gnu11;
				GCC_NO_COMMON_BLOCKS = YES;
				GCC_WARN_64_TO_32_BIT_CONVERSION = YES;
				GCC_WARN_ABOUT_RETURN_TYPE = YES_ERROR;
				GCC_WARN_UNDECLARED_SELECTOR = YES;
				GCC_WARN_UNINITIALIZED_AUTOS = YES_AGGRESSIVE;
				GCC_WARN_UNUSED_FUNCTION = YES;
				GCC_WARN_UNUSED_VARIABLE = YES;
				IPHONEOS_DEPLOYMENT_TARGET = 12.0;
				MTL_ENABLE_DEBUG_INFO = NO;
				MTL_FAST_MATH = YES;
				SDKROOT = iphoneos;
				SWIFT_COMPILATION_MODE = wholemodule;
				SWIFT_OPTIMIZATION_LEVEL = "-O";
				VALIDATE_PRODUCT = YES;
			};
			name = Release;
		};
		D4A004052222A8AF009B9F81 /* Debug */ = {
			isa = XCBuildConfiguration;
			baseConfigurationReference = F103FB88476A4746645B69AF /* Pods-JobFinder.debug.xcconfig */;
			buildSettings = {
				ASSETCATALOG_COMPILER_APPICON_NAME = AppIcon;
				CODE_SIGN_STYLE = Automatic;
				DEVELOPMENT_TEAM = B865P7W52D;
				INFOPLIST_FILE = JobFinder/Info.plist;
				LD_RUNPATH_SEARCH_PATHS = (
					"$(inherited)",
					"@executable_path/Frameworks",
				);
				PRODUCT_BUNDLE_IDENTIFIER = com.newitventure.wtvgo.ios;
				PRODUCT_NAME = "$(TARGET_NAME)";
				SWIFT_VERSION = 4.2;
				TARGETED_DEVICE_FAMILY = "1,2";
			};
			name = Debug;
		};
		D4A004062222A8AF009B9F81 /* Release */ = {
			isa = XCBuildConfiguration;
			baseConfigurationReference = 6603B13CC6B4BE04B9746780 /* Pods-JobFinder.release.xcconfig */;
			buildSettings = {
				ASSETCATALOG_COMPILER_APPICON_NAME = AppIcon;
				CODE_SIGN_STYLE = Automatic;
				DEVELOPMENT_TEAM = B865P7W52D;
				INFOPLIST_FILE = JobFinder/Info.plist;
				LD_RUNPATH_SEARCH_PATHS = (
					"$(inherited)",
					"@executable_path/Frameworks",
				);
				PRODUCT_BUNDLE_IDENTIFIER = com.newitventure.wtvgo.ios;
				PRODUCT_NAME = "$(TARGET_NAME)";
				SWIFT_VERSION = 4.2;
				TARGETED_DEVICE_FAMILY = "1,2";
			};
			name = Release;
		};
		D4A004082222A8AF009B9F81 /* Debug */ = {
			isa = XCBuildConfiguration;
			baseConfigurationReference = 28D69B0F63E1CD8586AC1E51 /* Pods-JobFinderTests.debug.xcconfig */;
			buildSettings = {
				ALWAYS_EMBED_SWIFT_STANDARD_LIBRARIES = YES;
				BUNDLE_LOADER = "$(TEST_HOST)";
				CODE_SIGN_STYLE = Automatic;
				INFOPLIST_FILE = JobFinderTests/Info.plist;
				LD_RUNPATH_SEARCH_PATHS = (
					"$(inherited)",
					"@executable_path/Frameworks",
					"@loader_path/Frameworks",
				);
				PRODUCT_BUNDLE_IDENTIFIER = self.JobFinderTests;
				PRODUCT_NAME = "$(TARGET_NAME)";
				SWIFT_VERSION = 4.2;
				TARGETED_DEVICE_FAMILY = "1,2";
				TEST_HOST = "$(BUILT_PRODUCTS_DIR)/JobFinder.app/JobFinder";
			};
			name = Debug;
		};
		D4A004092222A8AF009B9F81 /* Release */ = {
			isa = XCBuildConfiguration;
			baseConfigurationReference = 0B8B3A7F197CFB033969BF8B /* Pods-JobFinderTests.release.xcconfig */;
			buildSettings = {
				ALWAYS_EMBED_SWIFT_STANDARD_LIBRARIES = YES;
				BUNDLE_LOADER = "$(TEST_HOST)";
				CODE_SIGN_STYLE = Automatic;
				INFOPLIST_FILE = JobFinderTests/Info.plist;
				LD_RUNPATH_SEARCH_PATHS = (
					"$(inherited)",
					"@executable_path/Frameworks",
					"@loader_path/Frameworks",
				);
				PRODUCT_BUNDLE_IDENTIFIER = self.JobFinderTests;
				PRODUCT_NAME = "$(TARGET_NAME)";
				SWIFT_VERSION = 4.2;
				TARGETED_DEVICE_FAMILY = "1,2";
				TEST_HOST = "$(BUILT_PRODUCTS_DIR)/JobFinder.app/JobFinder";
			};
			name = Release;
		};
		D4A0040B2222A8AF009B9F81 /* Debug */ = {
			isa = XCBuildConfiguration;
			baseConfigurationReference = E897A28EC8D2AC17186D3F2A /* Pods-JobFinderUITests.debug.xcconfig */;
			buildSettings = {
				ALWAYS_EMBED_SWIFT_STANDARD_LIBRARIES = YES;
				CODE_SIGN_STYLE = Automatic;
				INFOPLIST_FILE = JobFinderUITests/Info.plist;
				LD_RUNPATH_SEARCH_PATHS = (
					"$(inherited)",
					"@executable_path/Frameworks",
					"@loader_path/Frameworks",
				);
				PRODUCT_BUNDLE_IDENTIFIER = self.JobFinderUITests;
				PRODUCT_NAME = "$(TARGET_NAME)";
				SWIFT_VERSION = 4.2;
				TARGETED_DEVICE_FAMILY = "1,2";
				TEST_TARGET_NAME = JobFinder;
			};
			name = Debug;
		};
		D4A0040C2222A8AF009B9F81 /* Release */ = {
			isa = XCBuildConfiguration;
			baseConfigurationReference = 4EBA04E25113FB858FCE43BA /* Pods-JobFinderUITests.release.xcconfig */;
			buildSettings = {
				ALWAYS_EMBED_SWIFT_STANDARD_LIBRARIES = YES;
				CODE_SIGN_STYLE = Automatic;
				INFOPLIST_FILE = JobFinderUITests/Info.plist;
				LD_RUNPATH_SEARCH_PATHS = (
					"$(inherited)",
					"@executable_path/Frameworks",
					"@loader_path/Frameworks",
				);
				PRODUCT_BUNDLE_IDENTIFIER = self.JobFinderUITests;
				PRODUCT_NAME = "$(TARGET_NAME)";
				SWIFT_VERSION = 4.2;
				TARGETED_DEVICE_FAMILY = "1,2";
				TEST_TARGET_NAME = JobFinder;
			};
			name = Release;
		};
/* End XCBuildConfiguration section */

/* Begin XCConfigurationList section */
		D4A003D72222A8AB009B9F81 /* Build configuration list for PBXProject "JobFinder" */ = {
			isa = XCConfigurationList;
			buildConfigurations = (
				D4A004022222A8AF009B9F81 /* Debug */,
				D4A004032222A8AF009B9F81 /* Release */,
			);
			defaultConfigurationIsVisible = 0;
			defaultConfigurationName = Release;
		};
		D4A004042222A8AF009B9F81 /* Build configuration list for PBXNativeTarget "JobFinder" */ = {
			isa = XCConfigurationList;
			buildConfigurations = (
				D4A004052222A8AF009B9F81 /* Debug */,
				D4A004062222A8AF009B9F81 /* Release */,
			);
			defaultConfigurationIsVisible = 0;
			defaultConfigurationName = Release;
		};
		D4A004072222A8AF009B9F81 /* Build configuration list for PBXNativeTarget "JobFinderTests" */ = {
			isa = XCConfigurationList;
			buildConfigurations = (
				D4A004082222A8AF009B9F81 /* Debug */,
				D4A004092222A8AF009B9F81 /* Release */,
			);
			defaultConfigurationIsVisible = 0;
			defaultConfigurationName = Release;
		};
		D4A0040A2222A8AF009B9F81 /* Build configuration list for PBXNativeTarget "JobFinderUITests" */ = {
			isa = XCConfigurationList;
			buildConfigurations = (
				D4A0040B2222A8AF009B9F81 /* Debug */,
				D4A0040C2222A8AF009B9F81 /* Release */,
			);
			defaultConfigurationIsVisible = 0;
			defaultConfigurationName = Release;
		};
/* End XCConfigurationList section */
	};
	rootObject = D4A003D42222A8AB009B9F81 /* Project object */;
}
